
Microsoft Visual Studio Solution File, Format Version 12.00
# Visual Studio Version 16
VisualStudioVersion = 16.0.29926.136
MinimumVisualStudioVersion = 10.0.40219.1
Project("{9A19103F-16F7-4668-BE54-9A1E7A4F7556}") = "Analogy.LogViewer.Github", "Analogy.LogViewer.Github\Analogy.LogViewer.Github.csproj", "{6F9F6F8D-E943-4BC1-8E74-9D853F0E6BB2}"
EndProject
Global
	GlobalSection(SolutionConfigurationPlatforms) = preSolution
		Debug|Any CPU = Debug|Any CPU
		Release|Any CPU = Release|Any CPU
	EndGlobalSection
	GlobalSection(ProjectConfigurationPlatforms) = postSolution
		{6F9F6F8D-E943-4BC1-8E74-9D853F0E6BB2}.Debug|Any CPU.ActiveCfg = Debug|Any CPU
		{6F9F6F8D-E943-4BC1-8E74-9D853F0E6BB2}.Debug|Any CPU.Build.0 = Debug|Any CPU
		{6F9F6F8D-E943-4BC1-8E74-9D853F0E6BB2}.Release|Any CPU.ActiveCfg = Release|Any CPU
		{6F9F6F8D-E943-4BC1-8E74-9D853F0E6BB2}.Release|Any CPU.Build.0 = Release|Any CPU
	EndGlobalSection
	GlobalSection(SolutionProperties) = preSolution
		HideSolutionNode = FALSE
	EndGlobalSection
	GlobalSection(ExtensibilityGlobals) = postSolution
		SolutionGuid = {709F2726-C992-47DF-853F-09E80D432081}
	EndGlobalSection
EndGlobal
